
Microsoft Visual Studio Solution File, Format Version 12.00
# Visual Studio Version 17
VisualStudioVersion = 17.8.34330.188
MinimumVisualStudioVersion = 10.0.40219.1
Project("{FAE04EC0-301F-11D3-BF4B-00C04F79EFBC}") = "Movies", "Movies.csproj", "{74BF48E6-AE8E-4C5C-B1B7-CAD5941E1817}"
EndProject
Global
	GlobalSection(SolutionConfigurationPlatforms) = preSolution
		Debug|Any CPU = Debug|Any CPU
		Release|Any CPU = Release|Any CPU
	EndGlobalSection
	GlobalSection(ProjectConfigurationPlatforms) = postSolution
		{74BF48E6-AE8E-4C5C-B1B7-CAD5941E1817}.Debug|Any CPU.ActiveCfg = Debug|Any CPU
		{74BF48E6-AE8E-4C5C-B1B7-CAD5941E1817}.Debug|Any CPU.Build.0 = Debug|Any CPU
		{74BF48E6-AE8E-4C5C-B1B7-CAD5941E1817}.Release|Any CPU.ActiveCfg = Release|Any CPU
		{74BF48E6-AE8E-4C5C-B1B7-CAD5941E1817}.Release|Any CPU.Build.0 = Release|Any CPU
	EndGlobalSection
	GlobalSection(SolutionProperties) = preSolution
		HideSolutionNode = FALSE
	EndGlobalSection
	GlobalSection(ExtensibilityGlobals) = postSolution
		SolutionGuid = {A9119622-99EC-4B0D-85B7-D4AC41DDEB2A}
	EndGlobalSection
EndGlobal
